{
  "name": "chart",
  "version": "1.0.0",
  "lockfileVersion": 2,
  "requires": true,
  "packages": {
    "": {
      "version": "1.0.0",
      "license": "ISC",
      "dependencies": {
        "draw-canvas-60fps": "^1.0.1"
      }
    },
    "node_modules/draw-canvas-60fps": {
      "version": "1.0.1",
      "resolved": "https://registry.npmjs.org/draw-canvas-60fps/-/draw-canvas-60fps-1.0.1.tgz",
      "integrity": "sha512-AIVQBk17iLXvSqTFI7s0icKrL5NCtDhZsNnxK5X4o52JT4NUIXlSwcRd31IsAd/jedawlsx+/2WnKmalPwONWA=="
    }
  },
  "dependencies": {
    "draw-canvas-60fps": {
      "version": "1.0.1",
      "resolved": "https://registry.npmjs.org/draw-canvas-60fps/-/draw-canvas-60fps-1.0.1.tgz",
      "integrity": "sha512-AIVQBk17iLXvSqTFI7s0icKrL5NCtDhZsNnxK5X4o52JT4NUIXlSwcRd31IsAd/jedawlsx+/2WnKmalPwONWA=="
    }
  }
}
