{
  "name": "grep-fifo",
  "version": "1.0.0",
  "lockfileVersion": 3,
  "requires": true,
  "packages": {
    "": {
      "name": "grep-fifo",
      "version": "1.0.0",
      "license": "ISC",
      "dependencies": {
        "midi-file": "^1.2.4"
      }
    },
    "node_modules/midi-file": {
      "version": "1.2.4",
      "resolved": "https://registry.npmjs.org/midi-file/-/midi-file-1.2.4.tgz",
      "integrity": "sha512-B5SnBC6i2bwJIXTY9MElIydJwAmnKx+r5eJ1jknTLetzLflEl0GWveuBB6ACrQpecSRkOB6fhTx1PwXk2BVxnA=="
    }
  }
}
