{
  "name": "zone-channel",
  "version": "1.0.0",
  "lockfileVersion": 2,
  "requires": true,
  "packages": {
    "": {
      "name": "zone-channel",
      "version": "1.0.0",
      "license": "ISC",
      "dependencies": {
        "mkdiv": "file:../mkdiv"
      }
    },
    "../mkdiv": {
      "version": "3.1.0",
      "license": "ISC",
      "devDependencies": {
        "chai": "^4.2.0",
        "karma": "^6.3.4",
        "karma-chai": "^0.1.0",
        "karma-chrome-launcher": "^3.0.0",
        "karma-coverage": "^2.0.3",
        "karma-firefox-launcher": "^2.1.0",
        "karma-mocha": "^2.0.0",
        "mocha": "latest"
      }
    },
    "node_modules/mkdiv": {
      "resolved": "../mkdiv",
      "link": true
    }
  },
  "dependencies": {
    "mkdiv": {
      "version": "file:../mkdiv",
      "requires": {
        "chai": "^4.2.0",
        "karma": "^6.3.4",
        "karma-chai": "^0.1.0",
        "karma-chrome-launcher": "^3.0.0",
        "karma-coverage": "^2.0.3",
        "karma-firefox-launcher": "^2.1.0",
        "karma-mocha": "^2.0.0",
        "mocha": "latest"
      }
    }
  }
}
