{
  "name": "components",
  "version": "1.0.0",
  "lockfileVersion": 2,
  "requires": true,
  "packages": {
    "": {
      "version": "1.0.0",
      "license": "ISC",
      "dependencies": {
        "mkdiv": "^2.0.3"
      }
    },
    "node_modules/mkdiv": {
      "version": "2.0.3",
      "resolved": "https://registry.npmjs.org/mkdiv/-/mkdiv-2.0.3.tgz",
      "integrity": "sha512-wXvRzP9eFQEcCqlxMFf7K/k4xvEGuHvbvdjElcROPnINZD+16SRFx8GOomIQV4pcqzj4FFQ/xUkCpy/oOhYTzw=="
    }
  },
  "dependencies": {
    "mkdiv": {
      "version": "2.0.3",
      "resolved": "https://registry.npmjs.org/mkdiv/-/mkdiv-2.0.3.tgz",
      "integrity": "sha512-wXvRzP9eFQEcCqlxMFf7K/k4xvEGuHvbvdjElcROPnINZD+16SRFx8GOomIQV4pcqzj4FFQ/xUkCpy/oOhYTzw=="
    }
  }
}
