{
  "name": "jtree",
  "version": "1.0.0",
  "lockfileVersion": 2,
  "requires": true,
  "packages": {
    "": {
      "name": "jtree",
      "version": "1.0.0",
      "license": "ISC",
      "dependencies": {
        "merge": "^2.1.1",
        "sf2-service": "file:../sf2-service",
        "sort": "^0.0.3",
        "ssr-bach": "^3.0.0",
        "tree-model": "^1.0.7"
      }
    },
    "../sf2-service": {
      "version": "1.5.0",
      "license": "do not use",
      "dependencies": {
        "mkspin": "file:../spin"
      },
      "devDependencies": {
        "chai": "^4.3.7",
        "eslint-plugin-mocha": "^10.1.0",
        "jasmine-core": "^4.6.0",
        "karma": "^6.4.1",
        "karma-chai": "github:xdissent/karma-chai",
        "karma-chrome-launcher": "^3.1.1",
        "karma-coverage": "^2.2.0",
        "karma-firefox-launcher": "^2.1.2",
        "karma-jasmine": "^5.1.0",
        "karma-mocha": "^2.0.1",
        "mocha": "^10.2.0"
      }
    },
    "node_modules/find-insert-index": {
      "version": "0.0.1",
      "resolved": "https://registry.npmjs.org/find-insert-index/-/find-insert-index-0.0.1.tgz",
      "integrity": "sha512-eIqFuQzY7XwpAJ3sHWKFNGLx1nm3w/IhmFASETcx5sUuCaOUd3xDqRK/376SzXMVVJQaJUCPlS7L841T0xpFjQ=="
    },
    "node_modules/merge": {
      "version": "2.1.1",
      "resolved": "https://registry.npmjs.org/merge/-/merge-2.1.1.tgz",
      "integrity": "sha512-jz+Cfrg9GWOZbQAnDQ4hlVnQky+341Yk5ru8bZSe6sIDTCIg8n9i/u7hSQGSVOF3C7lH6mGtqjkiT9G4wFLL0w=="
    },
    "node_modules/mergesort": {
      "version": "0.0.1",
      "resolved": "https://registry.npmjs.org/mergesort/-/mergesort-0.0.1.tgz",
      "integrity": "sha512-WKghTBzqAvTt9rG5TWS78Dmk2kCCL9VkkX8Zi9kKfJ4iqYpvcGGpeYtkhPHa9NZAPLivZiZsdO/LBG3ENayDmQ=="
    },
    "node_modules/sf2-service": {
      "resolved": "../sf2-service",
      "link": true
    },
    "node_modules/sort": {
      "version": "0.0.3",
      "resolved": "https://registry.npmjs.org/sort/-/sort-0.0.3.tgz",
      "integrity": "sha512-YnWilTNaQgu2Bq0lbkj2cbMWovySLxAhyMChPIIAVA9+2CHj9SYIsYYbs+YnMMiU9o1PcvoqUInVUlfImMQCVw=="
    },
    "node_modules/ssr-bach": {
      "version": "3.0.0",
      "resolved": "https://registry.npmjs.org/ssr-bach/-/ssr-bach-3.0.0.tgz",
      "integrity": "sha512-E46WhstHowWKUsGwJ26LUi2dFN4YE+XRBzfiq491oo8dlbijb4EC9o3a1DFJmstbXSSOFf0WHaa63hLUp1Sneg=="
    },
    "node_modules/tree-model": {
      "version": "1.0.7",
      "resolved": "https://registry.npmjs.org/tree-model/-/tree-model-1.0.7.tgz",
      "integrity": "sha512-oP4LUbCVtD2gcjcRaeI4L5hY60tHzB+AK/bthIJ2Pq1EUUOio5/xFzPWnGoBZlhtqpqbOkhFDzKIwKLOn0kccQ==",
      "dependencies": {
        "find-insert-index": "0.0.1",
        "mergesort": "0.0.1"
      }
    }
  },
  "dependencies": {
    "find-insert-index": {
      "version": "0.0.1",
      "resolved": "https://registry.npmjs.org/find-insert-index/-/find-insert-index-0.0.1.tgz",
      "integrity": "sha512-eIqFuQzY7XwpAJ3sHWKFNGLx1nm3w/IhmFASETcx5sUuCaOUd3xDqRK/376SzXMVVJQaJUCPlS7L841T0xpFjQ=="
    },
    "merge": {
      "version": "2.1.1",
      "resolved": "https://registry.npmjs.org/merge/-/merge-2.1.1.tgz",
      "integrity": "sha512-jz+Cfrg9GWOZbQAnDQ4hlVnQky+341Yk5ru8bZSe6sIDTCIg8n9i/u7hSQGSVOF3C7lH6mGtqjkiT9G4wFLL0w=="
    },
    "mergesort": {
      "version": "0.0.1",
      "resolved": "https://registry.npmjs.org/mergesort/-/mergesort-0.0.1.tgz",
      "integrity": "sha512-WKghTBzqAvTt9rG5TWS78Dmk2kCCL9VkkX8Zi9kKfJ4iqYpvcGGpeYtkhPHa9NZAPLivZiZsdO/LBG3ENayDmQ=="
    },
    "sf2-service": {
      "version": "file:../sf2-service",
      "requires": {
        "chai": "^4.3.7",
        "eslint-plugin-mocha": "^10.1.0",
        "jasmine-core": "^4.6.0",
        "karma": "^6.4.1",
        "karma-chai": "github:xdissent/karma-chai",
        "karma-chrome-launcher": "^3.1.1",
        "karma-coverage": "^2.2.0",
        "karma-firefox-launcher": "^2.1.2",
        "karma-jasmine": "^5.1.0",
        "karma-mocha": "^2.0.1",
        "mkspin": "file:../spin",
        "mocha": "^10.2.0"
      }
    },
    "sort": {
      "version": "0.0.3",
      "resolved": "https://registry.npmjs.org/sort/-/sort-0.0.3.tgz",
      "integrity": "sha512-YnWilTNaQgu2Bq0lbkj2cbMWovySLxAhyMChPIIAVA9+2CHj9SYIsYYbs+YnMMiU9o1PcvoqUInVUlfImMQCVw=="
    },
    "ssr-bach": {
      "version": "3.0.0",
      "resolved": "https://registry.npmjs.org/ssr-bach/-/ssr-bach-3.0.0.tgz",
      "integrity": "sha512-E46WhstHowWKUsGwJ26LUi2dFN4YE+XRBzfiq491oo8dlbijb4EC9o3a1DFJmstbXSSOFf0WHaa63hLUp1Sneg=="
    },
    "tree-model": {
      "version": "1.0.7",
      "resolved": "https://registry.npmjs.org/tree-model/-/tree-model-1.0.7.tgz",
      "integrity": "sha512-oP4LUbCVtD2gcjcRaeI4L5hY60tHzB+AK/bthIJ2Pq1EUUOio5/xFzPWnGoBZlhtqpqbOkhFDzKIwKLOn0kccQ==",
      "requires": {
        "find-insert-index": "0.0.1",
        "mergesort": "0.0.1"
      }
    }
  }
}
