{
  "name": "spin",
  "version": "1.0.0",
  "lockfileVersion": 2,
  "requires": true,
  "packages": {
    "": {
      "version": "1.0.0",
      "license": "ISC",
      "dependencies": {
        "read-wasm-sf2": "^1.0.0"
      }
    },
    "node_modules/read-wasm-sf2": {
      "version": "1.0.0",
      "resolved": "https://registry.npmjs.org/read-wasm-sf2/-/read-wasm-sf2-1.0.0.tgz",
      "integrity": "sha512-56Y4o8OPAUw/LLv9oD2sJ40x4VgFQXazXOo8Djs/8VvHffJ9GhUDoDzMxg10RQEa+1a+lTbHqTbWDck2rj4dng=="
    }
  },
  "dependencies": {
    "read-wasm-sf2": {
      "version": "1.0.0",
      "resolved": "https://registry.npmjs.org/read-wasm-sf2/-/read-wasm-sf2-1.0.0.tgz",
      "integrity": "sha512-56Y4o8OPAUw/LLv9oD2sJ40x4VgFQXazXOo8Djs/8VvHffJ9GhUDoDzMxg10RQEa+1a+lTbHqTbWDck2rj4dng=="
    }
  }
}
