{
  "name": "mkspin",
  "version": "1.0.2",
  "lockfileVersion": 2,
  "requires": true,
  "packages": {
    "": {
      "name": "mkspin",
      "version": "1.0.2",
      "license": "do-not-use",
      "dependencies": {
        "midiread": "^2.0.14"
      }
    },
    "node_modules/midiread": {
      "version": "2.0.14",
      "resolved": "https://registry.npmjs.org/midiread/-/midiread-2.0.14.tgz",
      "integrity": "sha512-h8YTgs1ZaBqx8T3l4SGPAoN8qnVumwZqiUtW9vEdThBuGgyOUH27Y28ebPbeax6iUrKWfo8CQGHwzJCZBGubQw==",
      "hasInstallScript": true,
      "bin": {
        "midiread": "bin/read.js"
      }
    }
  },
  "dependencies": {
    "midiread": {
      "version": "2.0.14",
      "resolved": "https://registry.npmjs.org/midiread/-/midiread-2.0.14.tgz",
      "integrity": "sha512-h8YTgs1ZaBqx8T3l4SGPAoN8qnVumwZqiUtW9vEdThBuGgyOUH27Y28ebPbeax6iUrKWfo8CQGHwzJCZBGubQw=="
    }
  }
}
